
Microsoft Visual Studio Solution File, Format Version 12.00
# Visual Studio Version 16
VisualStudioVersion = 16.0.29411.108
MinimumVisualStudioVersion = 10.0.40219.1
Project("{8BC9CEB8-8B4A-11D0-8D11-00A0C91BC942}") = "Tema1SD", "Tema1SD\Tema1SD.vcxproj", "{A6795D55-5405-4A8B-B8FA-420332F89D9F}"
EndProject
Global
	GlobalSection(SolutionConfigurationPlatforms) = preSolution
		Debug|x64 = Debug|x64
		Debug|x86 = Debug|x86
		Release|x64 = Release|x64
		Release|x86 = Release|x86
	EndGlobalSection
	GlobalSection(ProjectConfigurationPlatforms) = postSolution
		{A6795D55-5405-4A8B-B8FA-420332F89D9F}.Debug|x64.ActiveCfg = Debug|x64
		{A6795D55-5405-4A8B-B8FA-420332F89D9F}.Debug|x64.Build.0 = Debug|x64
		{A6795D55-5405-4A8B-B8FA-420332F89D9F}.Debug|x86.ActiveCfg = Debug|Win32
		{A6795D55-5405-4A8B-B8FA-420332F89D9F}.Debug|x86.Build.0 = Debug|Win32
		{A6795D55-5405-4A8B-B8FA-420332F89D9F}.Release|x64.ActiveCfg = Release|x64
		{A6795D55-5405-4A8B-B8FA-420332F89D9F}.Release|x64.Build.0 = Release|x64
		{A6795D55-5405-4A8B-B8FA-420332F89D9F}.Release|x86.ActiveCfg = Release|Win32
		{A6795D55-5405-4A8B-B8FA-420332F89D9F}.Release|x86.Build.0 = Release|Win32
	EndGlobalSection
	GlobalSection(SolutionProperties) = preSolution
		HideSolutionNode = FALSE
	EndGlobalSection
	GlobalSection(ExtensibilityGlobals) = postSolution
		SolutionGuid = {1F63D841-1490-4A06-B776-680DBF72B633}
	EndGlobalSection
EndGlobal
