
Microsoft Visual Studio Solution File, Format Version 12.00
# Visual Studio Version 16
VisualStudioVersion = 16.0.30002.166
MinimumVisualStudioVersion = 10.0.40219.1
Project("{8BC9CEB8-8B4A-11D0-8D11-00A0C91BC942}") = "Binary Search Trees", "Binary Search Trees\Binary Search Trees.vcxproj", "{01C3D08B-D28A-4DBA-A36F-6FAC7FF5C8C1}"
EndProject
Global
	GlobalSection(SolutionConfigurationPlatforms) = preSolution
		Debug|x64 = Debug|x64
		Debug|x86 = Debug|x86
		Release|x64 = Release|x64
		Release|x86 = Release|x86
	EndGlobalSection
	GlobalSection(ProjectConfigurationPlatforms) = postSolution
		{01C3D08B-D28A-4DBA-A36F-6FAC7FF5C8C1}.Debug|x64.ActiveCfg = Debug|x64
		{01C3D08B-D28A-4DBA-A36F-6FAC7FF5C8C1}.Debug|x64.Build.0 = Debug|x64
		{01C3D08B-D28A-4DBA-A36F-6FAC7FF5C8C1}.Debug|x86.ActiveCfg = Debug|Win32
		{01C3D08B-D28A-4DBA-A36F-6FAC7FF5C8C1}.Debug|x86.Build.0 = Debug|Win32
		{01C3D08B-D28A-4DBA-A36F-6FAC7FF5C8C1}.Release|x64.ActiveCfg = Release|x64
		{01C3D08B-D28A-4DBA-A36F-6FAC7FF5C8C1}.Release|x64.Build.0 = Release|x64
		{01C3D08B-D28A-4DBA-A36F-6FAC7FF5C8C1}.Release|x86.ActiveCfg = Release|Win32
		{01C3D08B-D28A-4DBA-A36F-6FAC7FF5C8C1}.Release|x86.Build.0 = Release|Win32
	EndGlobalSection
	GlobalSection(SolutionProperties) = preSolution
		HideSolutionNode = FALSE
	EndGlobalSection
	GlobalSection(ExtensibilityGlobals) = postSolution
		SolutionGuid = {3B724FD2-C9E5-4D93-8C1E-A0C7C0368EDD}
	EndGlobalSection
EndGlobal
